
Microsoft Visual Studio Solution File, Format Version 12.00
# Visual Studio Version 17
VisualStudioVersion = 17.8.34511.84
MinimumVisualStudioVersion = 10.0.40219.1
Project("{9A19103F-16F7-4668-BE54-9A1E7A4F7556}") = "PresentationLayer", "PresentationLayer\PresentationLayer.csproj", "{FC75E304-36FF-4F4F-97E4-BDAA8B8013FB}"
EndProject
Project("{9A19103F-16F7-4668-BE54-9A1E7A4F7556}") = "Models", "Models\Models.csproj", "{FB75ECF8-AC47-4102-99FF-6EBB28004322}"
EndProject
Project("{9A19103F-16F7-4668-BE54-9A1E7A4F7556}") = "DataBaseAccessLayer", "DataBaseAccessLayer\DataBaseAccessLayer.csproj", "{CC7E2014-ED53-46DD-B33F-F79B0BCA3E67}"
EndProject
Project("{9A19103F-16F7-4668-BE54-9A1E7A4F7556}") = "BusinessLogicLayer", "BusinessLogicLayer\BusinessLogicLayer.csproj", "{BC2ACA78-9C99-47DA-8F4A-DF7CAA675A8D}"
EndProject
Global
	GlobalSection(SolutionConfigurationPlatforms) = preSolution
		Debug|Any CPU = Debug|Any CPU
		Release|Any CPU = Release|Any CPU
	EndGlobalSection
	GlobalSection(ProjectConfigurationPlatforms) = postSolution
		{FC75E304-36FF-4F4F-97E4-BDAA8B8013FB}.Debug|Any CPU.ActiveCfg = Debug|Any CPU
		{FC75E304-36FF-4F4F-97E4-BDAA8B8013FB}.Debug|Any CPU.Build.0 = Debug|Any CPU
		{FC75E304-36FF-4F4F-97E4-BDAA8B8013FB}.Release|Any CPU.ActiveCfg = Release|Any CPU
		{FC75E304-36FF-4F4F-97E4-BDAA8B8013FB}.Release|Any CPU.Build.0 = Release|Any CPU
		{FB75ECF8-AC47-4102-99FF-6EBB28004322}.Debug|Any CPU.ActiveCfg = Debug|Any CPU
		{FB75ECF8-AC47-4102-99FF-6EBB28004322}.Debug|Any CPU.Build.0 = Debug|Any CPU
		{FB75ECF8-AC47-4102-99FF-6EBB28004322}.Release|Any CPU.ActiveCfg = Release|Any CPU
		{FB75ECF8-AC47-4102-99FF-6EBB28004322}.Release|Any CPU.Build.0 = Release|Any CPU
		{CC7E2014-ED53-46DD-B33F-F79B0BCA3E67}.Debug|Any CPU.ActiveCfg = Debug|Any CPU
		{CC7E2014-ED53-46DD-B33F-F79B0BCA3E67}.Debug|Any CPU.Build.0 = Debug|Any CPU
		{CC7E2014-ED53-46DD-B33F-F79B0BCA3E67}.Release|Any CPU.ActiveCfg = Release|Any CPU
		{CC7E2014-ED53-46DD-B33F-F79B0BCA3E67}.Release|Any CPU.Build.0 = Release|Any CPU
		{BC2ACA78-9C99-47DA-8F4A-DF7CAA675A8D}.Debug|Any CPU.ActiveCfg = Debug|Any CPU
		{BC2ACA78-9C99-47DA-8F4A-DF7CAA675A8D}.Debug|Any CPU.Build.0 = Debug|Any CPU
		{BC2ACA78-9C99-47DA-8F4A-DF7CAA675A8D}.Release|Any CPU.ActiveCfg = Release|Any CPU
		{BC2ACA78-9C99-47DA-8F4A-DF7CAA675A8D}.Release|Any CPU.Build.0 = Release|Any CPU
	EndGlobalSection
	GlobalSection(SolutionProperties) = preSolution
		HideSolutionNode = FALSE
	EndGlobalSection
	GlobalSection(ExtensibilityGlobals) = postSolution
		SolutionGuid = {DB4F1D31-37ED-4E3D-80E4-6F27C2328D61}
	EndGlobalSection
EndGlobal
